// !$*UTF8*$!
{
	archiveVersion = 1;
	classes = {
	};
	objectVersion = 48;
	objects = {

/* Begin PBXBuildFile section */
		163C004A2064914700E6BF79 /* XXVideoDownloadCenter.m in Sources */ = {isa = PBXBuildFile; fileRef = 163C00492064914700E6BF79 /* XXVideoDownloadCenter.m */; };
		163C004D2064D98500E6BF79 /* XXVideoDownloadVC.m in Sources */ = {isa = PBXBuildFile; fileRef = 163C004C2064D98500E6BF79 /* XXVideoDownloadVC.m */; };
		163C00502064DB7900E6BF79 /* XXDownloadListViewVC.m in Sources */ = {isa = PBXBuildFile; fileRef = 163C004F2064DB7900E6BF79 /* XXDownloadListViewVC.m */; };
		1643491D205271FC00DDEE9C /* XXLaiFukushimaFunnyPicture.m in Sources */ = {isa = PBXBuildFile; fileRef = 1643491C205271FC00DDEE9C /* XXLaiFukushimaFunnyPicture.m */; };
		16434920205282D800DDEE9C /* XXLaiFuKushimaVC.m in Sources */ = {isa = PBXBuildFile; fileRef = 1643491F205282D800DDEE9C /* XXLaiFuKushimaVC.m */; };
		16434924205288BC00DDEE9C /* XXLaiFuKushimaTC.m in Sources */ = {isa = PBXBuildFile; fileRef = 16434923205288BC00DDEE9C /* XXLaiFuKushimaTC.m */; };
		166D93E02068C76F001089C1 /* XXVideoDownloadModel.m in Sources */ = {isa = PBXBuildFile; fileRef = 166D93DF2068C76F001089C1 /* XXVideoDownloadModel.m */; };
		166D93E42068EC8B001089C1 /* XXDataConversionUtil.m in Sources */ = {isa = PBXBuildFile; fileRef = 166D93E32068EC8B001089C1 /* XXDataConversionUtil.m */; };
		167EFAA72057A5BE00163215 /* XXLaiFuKushimaTableViewModel.m in Sources */ = {isa = PBXBuildFile; fileRef = 167EFAA62057A5BE00163215 /* XXLaiFuKushimaTableViewModel.m */; };
		167EFAAD2057DE3300163215 /* XXLaiFuKushimaShowImageVC.m in Sources */ = {isa = PBXBuildFile; fileRef = 167EFAAC2057DE3300163215 /* XXLaiFuKushimaShowImageVC.m */; };
		167EFAB02057DED500163215 /* XXLaiFuShowImageView.m in Sources */ = {isa = PBXBuildFile; fileRef = 167EFAAF2057DED500163215 /* XXLaiFuShowImageView.m */; };
		167EFAB32057DFB700163215 /* XXLaiFuShowImageViewModel.m in Sources */ = {isa = PBXBuildFile; fileRef = 167EFAB22057DFB700163215 /* XXLaiFuShowImageViewModel.m */; };
		16800103205A1ABE00B393B8 /* XXImageBrowsing.m in Sources */ = {isa = PBXBuildFile; fileRef = 16800102205A1ABE00B393B8 /* XXImageBrowsing.m */; };
		168A6E432060B249003A80C0 /* XXDownloadPathManager.m in Sources */ = {isa = PBXBuildFile; fileRef = 168A6E422060B249003A80C0 /* XXDownloadPathManager.m */; };
		168A6E462060D7C3003A80C0 /* XXImageDownloadCenter.m in Sources */ = {isa = PBXBuildFile; fileRef = 168A6E452060D7C3003A80C0 /* XXImageDownloadCenter.m */; };
		16A0788B205B8FF400BCB51F /* XXShowImageViewModel.m in Sources */ = {isa = PBXBuildFile; fileRef = 16A0788A205B8FF400BCB51F /* XXShowImageViewModel.m */; };
		16EB92962061EB8000A97FC9 /* XXDownloadTaskObject.m in Sources */ = {isa = PBXBuildFile; fileRef = 16EB92952061EB8000A97FC9 /* XXDownloadTaskObject.m */; };
		16EB92992061FE3E00A97FC9 /* XXDownLoadModel.m in Sources */ = {isa = PBXBuildFile; fileRef = 16EB92982061FE3E00A97FC9 /* XXDownLoadModel.m */; };
		16ED6547206B99F700E980F6 /* XXImageDownloadModel.m in Sources */ = {isa = PBXBuildFile; fileRef = 16ED6546206B99F700E980F6 /* XXImageDownloadModel.m */; };
		2E321250202C5A9700DC0BA5 /* XXApiClients.m in Sources */ = {isa = PBXBuildFile; fileRef = 2E32124F202C5A9700DC0BA5 /* XXApiClients.m */; };
		2E321253202C62E000DC0BA5 /* XXBaseApiClient.m in Sources */ = {isa = PBXBuildFile; fileRef = 2E321251202C62E000DC0BA5 /* XXBaseApiClient.m */; };
		2E80AB2E20315F9D008494D2 /* XXMainHeaderView.m in Sources */ = {isa = PBXBuildFile; fileRef = 2E80AB2D20315F9D008494D2 /* XXMainHeaderView.m */; };
		2E8C9214202BE39400BC89C2 /* AppDelegate.m in Sources */ = {isa = PBXBuildFile; fileRef = 2E8C9213202BE39400BC89C2 /* AppDelegate.m */; };
		2E8C9217202BE39500BC89C2 /* ViewController.m in Sources */ = {isa = PBXBuildFile; fileRef = 2E8C9216202BE39500BC89C2 /* ViewController.m */; };
		2E8C921C202BE39500BC89C2 /* Assets.xcassets in Resources */ = {isa = PBXBuildFile; fileRef = 2E8C921B202BE39500BC89C2 /* Assets.xcassets */; };
		2E8C9222202BE39500BC89C2 /* main.m in Sources */ = {isa = PBXBuildFile; fileRef = 2E8C9221202BE39500BC89C2 /* main.m */; };
		2E8C922C202BE39500BC89C2 /* MVVMmodeTests.m in Sources */ = {isa = PBXBuildFile; fileRef = 2E8C922B202BE39500BC89C2 /* MVVMmodeTests.m */; };
		2E8C9237202BE39500BC89C2 /* MVVMmodeUITests.m in Sources */ = {isa = PBXBuildFile; fileRef = 2E8C9236202BE39500BC89C2 /* MVVMmodeUITests.m */; };
		2E8C9250202C223100BC89C2 /* XXMainVC.m in Sources */ = {isa = PBXBuildFile; fileRef = 2E8C924F202C223100BC89C2 /* XXMainVC.m */; };
		2E8C9253202C2BA000BC89C2 /* XXMainHeaderModel.m in Sources */ = {isa = PBXBuildFile; fileRef = 2E8C9252202C2BA000BC89C2 /* XXMainHeaderModel.m */; };
		2E8C9256202C2BBF00BC89C2 /* XXMainHeaderViewModel.m in Sources */ = {isa = PBXBuildFile; fileRef = 2E8C9255202C2BBF00BC89C2 /* XXMainHeaderViewModel.m */; };
		5D614983646166F2BC92CC9D /* Pods_MVVMmode.framework in Frameworks */ = {isa = PBXBuildFile; fileRef = F1F172CDCC5B6B1DED4DAE40 /* Pods_MVVMmode.framework */; };
/* End PBXBuildFile section */

/* Begin PBXContainerItemProxy section */
		2E8C9228202BE39500BC89C2 /* PBXContainerItemProxy */ = {
			isa = PBXContainerItemProxy;
			containerPortal = 2E8C9207202BE39400BC89C2 /* Project object */;
			proxyType = 1;
			remoteGlobalIDString = 2E8C920E202BE39400BC89C2;
			remoteInfo = MVVMmode;
		};
		2E8C9233202BE39500BC89C2 /* PBXContainerItemProxy */ = {
			isa = PBXContainerItemProxy;
			containerPortal = 2E8C9207202BE39400BC89C2 /* Project object */;
			proxyType = 1;
			remoteGlobalIDString = 2E8C920E202BE39400BC89C2;
			remoteInfo = MVVMmode;
		};
/* End PBXContainerItemProxy section */

/* Begin PBXFileReference section */
		0AF2856087C0F2F2261D54E3 /* Pods-MVVMmode.release.xcconfig */ = {isa = PBXFileReference; includeInIndex = 1; lastKnownFileType = text.xcconfig; name = "Pods-MVVMmode.release.xcconfig"; path = "Pods/Target Support Files/Pods-MVVMmode/Pods-MVVMmode.release.xcconfig"; sourceTree = "<group>"; };
		163C00482064914700E6BF79 /* XXVideoDownloadCenter.h */ = {isa = PBXFileReference; lastKnownFileType = sourcecode.c.h; path = XXVideoDownloadCenter.h; sourceTree = "<group>"; };
		163C00492064914700E6BF79 /* XXVideoDownloadCenter.m */ = {isa = PBXFileReference; lastKnownFileType = sourcecode.c.objc; path = XXVideoDownloadCenter.m; sourceTree = "<group>"; };
		163C004B2064D98500E6BF79 /* XXVideoDownloadVC.h */ = {isa = PBXFileReference; lastKnownFileType = sourcecode.c.h; path = XXVideoDownloadVC.h; sourceTree = "<group>"; };
		163C004C2064D98500E6BF79 /* XXVideoDownloadVC.m */ = {isa = PBXFileReference; lastKnownFileType = sourcecode.c.objc; path = XXVideoDownloadVC.m; sourceTree = "<group>"; };
		163C004E2064DB7900E6BF79 /* XXDownloadListViewVC.h */ = {isa = PBXFileReference; lastKnownFileType = sourcecode.c.h; path = XXDownloadListViewVC.h; sourceTree = "<group>"; };
		163C004F2064DB7900E6BF79 /* XXDownloadListViewVC.m */ = {isa = PBXFileReference; lastKnownFileType = sourcecode.c.objc; path = XXDownloadListViewVC.m; sourceTree = "<group>"; };
		1643491B205271FC00DDEE9C /* XXLaiFukushimaFunnyPicture.h */ = {isa = PBXFileReference; lastKnownFileType = sourcecode.c.h; path = XXLaiFukushimaFunnyPicture.h; sourceTree = "<group>"; };
		1643491C205271FC00DDEE9C /* XXLaiFukushimaFunnyPicture.m */ = {isa = PBXFileReference; lastKnownFileType = sourcecode.c.objc; path = XXLaiFukushimaFunnyPicture.m; sourceTree = "<group>"; };
		1643491E205282D800DDEE9C /* XXLaiFuKushimaVC.h */ = {isa = PBXFileReference; lastKnownFileType = sourcecode.c.h; path = XXLaiFuKushimaVC.h; sourceTree = "<group>"; };
		1643491F205282D800DDEE9C /* XXLaiFuKushimaVC.m */ = {isa = PBXFileReference; lastKnownFileType = sourcecode.c.objc; path = XXLaiFuKushimaVC.m; sourceTree = "<group>"; };
		16434922205288BC00DDEE9C /* XXLaiFuKushimaTC.h */ = {isa = PBXFileReference; lastKnownFileType = sourcecode.c.h; path = XXLaiFuKushimaTC.h; sourceTree = "<group>"; };
		16434923205288BC00DDEE9C /* XXLaiFuKushimaTC.m */ = {isa = PBXFileReference; lastKnownFileType = sourcecode.c.objc; path = XXLaiFuKushimaTC.m; sourceTree = "<group>"; };
		166D93DE2068C76F001089C1 /* XXVideoDownloadModel.h */ = {isa = PBXFileReference; lastKnownFileType = sourcecode.c.h; path = XXVideoDownloadModel.h; sourceTree = "<group>"; };
		166D93DF2068C76F001089C1 /* XXVideoDownloadModel.m */ = {isa = PBXFileReference; lastKnownFileType = sourcecode.c.objc; path = XXVideoDownloadModel.m; sourceTree = "<group>"; };
		166D93E22068EC8B001089C1 /* XXDataConversionUtil.h */ = {isa = PBXFileReference; lastKnownFileType = sourcecode.c.h; path = XXDataConversionUtil.h; sourceTree = "<group>"; };
		166D93E32068EC8B001089C1 /* XXDataConversionUtil.m */ = {isa = PBXFileReference; lastKnownFileType = sourcecode.c.objc; path = XXDataConversionUtil.m; sourceTree = "<group>"; };
		167EFAA52057A5BE00163215 /* XXLaiFuKushimaTableViewModel.h */ = {isa = PBXFileReference; lastKnownFileType = sourcecode.c.h; path = XXLaiFuKushimaTableViewModel.h; sourceTree = "<group>"; };
		167EFAA62057A5BE00163215 /* XXLaiFuKushimaTableViewModel.m */ = {isa = PBXFileReference; lastKnownFileType = sourcecode.c.objc; path = XXLaiFuKushimaTableViewModel.m; sourceTree = "<group>"; };
		167EFAAB2057DE3300163215 /* XXLaiFuKushimaShowImageVC.h */ = {isa = PBXFileReference; lastKnownFileType = sourcecode.c.h; path = XXLaiFuKushimaShowImageVC.h; sourceTree = "<group>"; };
		167EFAAC2057DE3300163215 /* XXLaiFuKushimaShowImageVC.m */ = {isa = PBXFileReference; lastKnownFileType = sourcecode.c.objc; path = XXLaiFuKushimaShowImageVC.m; sourceTree = "<group>"; };
		167EFAAE2057DED500163215 /* XXLaiFuShowImageView.h */ = {isa = PBXFileReference; lastKnownFileType = sourcecode.c.h; path = XXLaiFuShowImageView.h; sourceTree = "<group>"; };
		167EFAAF2057DED500163215 /* XXLaiFuShowImageView.m */ = {isa = PBXFileReference; lastKnownFileType = sourcecode.c.objc; path = XXLaiFuShowImageView.m; sourceTree = "<group>"; };
		167EFAB12057DFB700163215 /* XXLaiFuShowImageViewModel.h */ = {isa = PBXFileReference; lastKnownFileType = sourcecode.c.h; path = XXLaiFuShowImageViewModel.h; sourceTree = "<group>"; };
		167EFAB22057DFB700163215 /* XXLaiFuShowImageViewModel.m */ = {isa = PBXFileReference; lastKnownFileType = sourcecode.c.objc; path = XXLaiFuShowImageViewModel.m; sourceTree = "<group>"; };
		167EFAB52057E42300163215 /* XXViewCallbackProtocol.h */ = {isa = PBXFileReference; lastKnownFileType = sourcecode.c.h; path = XXViewCallbackProtocol.h; sourceTree = "<group>"; };
		16800101205A1ABE00B393B8 /* XXImageBrowsing.h */ = {isa = PBXFileReference; lastKnownFileType = sourcecode.c.h; path = XXImageBrowsing.h; sourceTree = "<group>"; };
		16800102205A1ABE00B393B8 /* XXImageBrowsing.m */ = {isa = PBXFileReference; lastKnownFileType = sourcecode.c.objc; path = XXImageBrowsing.m; sourceTree = "<group>"; };
		168A6E412060B249003A80C0 /* XXDownloadPathManager.h */ = {isa = PBXFileReference; lastKnownFileType = sourcecode.c.h; path = XXDownloadPathManager.h; sourceTree = "<group>"; };
		168A6E422060B249003A80C0 /* XXDownloadPathManager.m */ = {isa = PBXFileReference; lastKnownFileType = sourcecode.c.objc; path = XXDownloadPathManager.m; sourceTree = "<group>"; };
		168A6E442060D7C3003A80C0 /* XXImageDownloadCenter.h */ = {isa = PBXFileReference; lastKnownFileType = sourcecode.c.h; path = XXImageDownloadCenter.h; sourceTree = "<group>"; };
		168A6E452060D7C3003A80C0 /* XXImageDownloadCenter.m */ = {isa = PBXFileReference; lastKnownFileType = sourcecode.c.objc; path = XXImageDownloadCenter.m; sourceTree = "<group>"; };
		16A07889205B8FF400BCB51F /* XXShowImageViewModel.h */ = {isa = PBXFileReference; lastKnownFileType = sourcecode.c.h; path = XXShowImageViewModel.h; sourceTree = "<group>"; };
		16A0788A205B8FF400BCB51F /* XXShowImageViewModel.m */ = {isa = PBXFileReference; lastKnownFileType = sourcecode.c.objc; path = XXShowImageViewModel.m; sourceTree = "<group>"; };
		16EB92942061EB8000A97FC9 /* XXDownloadTaskObject.h */ = {isa = PBXFileReference; lastKnownFileType = sourcecode.c.h; path = XXDownloadTaskObject.h; sourceTree = "<group>"; };
		16EB92952061EB8000A97FC9 /* XXDownloadTaskObject.m */ = {isa = PBXFileReference; lastKnownFileType = sourcecode.c.objc; path = XXDownloadTaskObject.m; sourceTree = "<group>"; };
		16EB92972061FE3E00A97FC9 /* XXDownLoadModel.h */ = {isa = PBXFileReference; lastKnownFileType = sourcecode.c.h; path = XXDownLoadModel.h; sourceTree = "<group>"; };
		16EB92982061FE3E00A97FC9 /* XXDownLoadModel.m */ = {isa = PBXFileReference; lastKnownFileType = sourcecode.c.objc; path = XXDownLoadModel.m; sourceTree = "<group>"; };
		16ED6545206B99F700E980F6 /* XXImageDownloadModel.h */ = {isa = PBXFileReference; lastKnownFileType = sourcecode.c.h; path = XXImageDownloadModel.h; sourceTree = "<group>"; };
		16ED6546206B99F700E980F6 /* XXImageDownloadModel.m */ = {isa = PBXFileReference; lastKnownFileType = sourcecode.c.objc; path = XXImageDownloadModel.m; sourceTree = "<group>"; };
		2E32124E202C5A9700DC0BA5 /* XXApiClients.h */ = {isa = PBXFileReference; lastKnownFileType = sourcecode.c.h; path = XXApiClients.h; sourceTree = "<group>"; };
		2E32124F202C5A9700DC0BA5 /* XXApiClients.m */ = {isa = PBXFileReference; lastKnownFileType = sourcecode.c.objc; path = XXApiClients.m; sourceTree = "<group>"; };
		2E321251202C62E000DC0BA5 /* XXBaseApiClient.m */ = {isa = PBXFileReference; fileEncoding = 4; lastKnownFileType = sourcecode.c.objc; path = XXBaseApiClient.m; sourceTree = "<group>"; };
		2E321252202C62E000DC0BA5 /* XXBaseApiClient.h */ = {isa = PBXFileReference; fileEncoding = 4; lastKnownFileType = sourcecode.c.h; path = XXBaseApiClient.h; sourceTree = "<group>"; };
		2E80AB2C20315F9D008494D2 /* XXMainHeaderView.h */ = {isa = PBXFileReference; lastKnownFileType = sourcecode.c.h; path = XXMainHeaderView.h; sourceTree = "<group>"; };
		2E80AB2D20315F9D008494D2 /* XXMainHeaderView.m */ = {isa = PBXFileReference; lastKnownFileType = sourcecode.c.objc; path = XXMainHeaderView.m; sourceTree = "<group>"; };
		2E8C920F202BE39400BC89C2 /* MVVMmode.app */ = {isa = PBXFileReference; explicitFileType = wrapper.application; includeInIndex = 0; path = MVVMmode.app; sourceTree = BUILT_PRODUCTS_DIR; };
		2E8C9212202BE39400BC89C2 /* AppDelegate.h */ = {isa = PBXFileReference; lastKnownFileType = sourcecode.c.h; path = AppDelegate.h; sourceTree = "<group>"; };
		2E8C9213202BE39400BC89C2 /* AppDelegate.m */ = {isa = PBXFileReference; lastKnownFileType = sourcecode.c.objc; path = AppDelegate.m; sourceTree = "<group>"; };
		2E8C9215202BE39500BC89C2 /* ViewController.h */ = {isa = PBXFileReference; lastKnownFileType = sourcecode.c.h; path = ViewController.h; sourceTree = "<group>"; };
		2E8C9216202BE39500BC89C2 /* ViewController.m */ = {isa = PBXFileReference; lastKnownFileType = sourcecode.c.objc; path = ViewController.m; sourceTree = "<group>"; };
		2E8C921B202BE39500BC89C2 /* Assets.xcassets */ = {isa = PBXFileReference; lastKnownFileType = folder.assetcatalog; path = Assets.xcassets; sourceTree = "<group>"; };
		2E8C9220202BE39500BC89C2 /* Info.plist */ = {isa = PBXFileReference; lastKnownFileType = text.plist.xml; path = Info.plist; sourceTree = "<group>"; };
		2E8C9221202BE39500BC89C2 /* main.m */ = {isa = PBXFileReference; lastKnownFileType = sourcecode.c.objc; path = main.m; sourceTree = "<group>"; };
		2E8C9227202BE39500BC89C2 /* MVVMmodeTests.xctest */ = {isa = PBXFileReference; explicitFileType = wrapper.cfbundle; includeInIndex = 0; path = MVVMmodeTests.xctest; sourceTree = BUILT_PRODUCTS_DIR; };
		2E8C922B202BE39500BC89C2 /* MVVMmodeTests.m */ = {isa = PBXFileReference; lastKnownFileType = sourcecode.c.objc; path = MVVMmodeTests.m; sourceTree = "<group>"; };
		2E8C922D202BE39500BC89C2 /* Info.plist */ = {isa = PBXFileReference; lastKnownFileType = text.plist.xml; path = Info.plist; sourceTree = "<group>"; };
		2E8C9232202BE39500BC89C2 /* MVVMmodeUITests.xctest */ = {isa = PBXFileReference; explicitFileType = wrapper.cfbundle; includeInIndex = 0; path = MVVMmodeUITests.xctest; sourceTree = BUILT_PRODUCTS_DIR; };
		2E8C9236202BE39500BC89C2 /* MVVMmodeUITests.m */ = {isa = PBXFileReference; lastKnownFileType = sourcecode.c.objc; path = MVVMmodeUITests.m; sourceTree = "<group>"; };
		2E8C9238202BE39500BC89C2 /* Info.plist */ = {isa = PBXFileReference; lastKnownFileType = text.plist.xml; path = Info.plist; sourceTree = "<group>"; };
		2E8C924C202BFE0800BC89C2 /* PrefixHeader.pch */ = {isa = PBXFileReference; lastKnownFileType = sourcecode.c.h; path = PrefixHeader.pch; sourceTree = "<group>"; };
		2E8C924D202C210A00BC89C2 /* XXConstant.h */ = {isa = PBXFileReference; lastKnownFileType = sourcecode.c.h; path = XXConstant.h; sourceTree = "<group>"; };
		2E8C924E202C223100BC89C2 /* XXMainVC.h */ = {isa = PBXFileReference; lastKnownFileType = sourcecode.c.h; path = XXMainVC.h; sourceTree = "<group>"; };
		2E8C924F202C223100BC89C2 /* XXMainVC.m */ = {isa = PBXFileReference; lastKnownFileType = sourcecode.c.objc; path = XXMainVC.m; sourceTree = "<group>"; };
		2E8C9251202C2BA000BC89C2 /* XXMainHeaderModel.h */ = {isa = PBXFileReference; lastKnownFileType = sourcecode.c.h; path = XXMainHeaderModel.h; sourceTree = "<group>"; };
		2E8C9252202C2BA000BC89C2 /* XXMainHeaderModel.m */ = {isa = PBXFileReference; lastKnownFileType = sourcecode.c.objc; path = XXMainHeaderModel.m; sourceTree = "<group>"; };
		2E8C9254202C2BBF00BC89C2 /* XXMainHeaderViewModel.h */ = {isa = PBXFileReference; lastKnownFileType = sourcecode.c.h; path = XXMainHeaderViewModel.h; sourceTree = "<group>"; };
		2E8C9255202C2BBF00BC89C2 /* XXMainHeaderViewModel.m */ = {isa = PBXFileReference; lastKnownFileType = sourcecode.c.objc; path = XXMainHeaderViewModel.m; sourceTree = "<group>"; };
		2E8C9257202C2E9700BC89C2 /* XXConstantNL.h */ = {isa = PBXFileReference; lastKnownFileType = sourcecode.c.h; path = XXConstantNL.h; sourceTree = "<group>"; };
		76AA814AAB0A932518D5616F /* Pods-MVVMmode.debug.xcconfig */ = {isa = PBXFileReference; includeInIndex = 1; lastKnownFileType = text.xcconfig; name = "Pods-MVVMmode.debug.xcconfig"; path = "Pods/Target Support Files/Pods-MVVMmode/Pods-MVVMmode.debug.xcconfig"; sourceTree = "<group>"; };
		F1F172CDCC5B6B1DED4DAE40 /* Pods_MVVMmode.framework */ = {isa = PBXFileReference; explicitFileType = wrapper.framework; includeInIndex = 0; path = Pods_MVVMmode.framework; sourceTree = BUILT_PRODUCTS_DIR; };
/* End PBXFileReference section */

/* Begin PBXFrameworksBuildPhase section */
		2E8C920C202BE39400BC89C2 /* Frameworks */ = {
			isa = PBXFrameworksBuildPhase;
			buildActionMask = 2147483647;
			files = (
				5D614983646166F2BC92CC9D /* Pods_MVVMmode.framework in Frameworks */,
			);
			runOnlyForDeploymentPostprocessing = 0;
		};
		2E8C9224202BE39500BC89C2 /* Frameworks */ = {
			isa = PBXFrameworksBuildPhase;
			buildActionMask = 2147483647;
			files = (
			);
			runOnlyForDeploymentPostprocessing = 0;
		};
		2E8C922F202BE39500BC89C2 /* Frameworks */ = {
			isa = PBXFrameworksBuildPhase;
			buildActionMask = 2147483647;
			files = (
			);
			runOnlyForDeploymentPostprocessing = 0;
		};
/* End PBXFrameworksBuildPhase section */

/* Begin PBXGroup section */
		164349212052887000DDEE9C /* TableView */ = {
			isa = PBXGroup;
			children = (
				16434922205288BC00DDEE9C /* XXLaiFuKushimaTC.h */,
				16434923205288BC00DDEE9C /* XXLaiFuKushimaTC.m */,
			);
			path = TableView;
			sourceTree = "<group>";
		};
		1643492520528C8600DDEE9C /* TableViewCell */ = {
			isa = PBXGroup;
			children = (
			);
			path = TableViewCell;
			sourceTree = "<group>";
		};
		166D93E12068EC50001089C1 /* 数据进制转换 */ = {
			isa = PBXGroup;
			children = (
				166D93E22068EC8B001089C1 /* XXDataConversionUtil.h */,
				166D93E32068EC8B001089C1 /* XXDataConversionUtil.m */,
			);
			path = "数据进制转换";
			sourceTree = "<group>";
		};
		167CA792206DD2170074F987 /* 数据库表 */ = {
			isa = PBXGroup;
			children = (
			);
			path = "数据库表";
			sourceTree = "<group>";
		};
		167EFAB42057E2C300163215 /* Delegate */ = {
			isa = PBXGroup;
			children = (
				167EFAB52057E42300163215 /* XXViewCallbackProtocol.h */,
			);
			path = Delegate;
			sourceTree = "<group>";
		};
		168000FF205A1A6300B393B8 /* Utils */ = {
			isa = PBXGroup;
			children = (
				167CA792206DD2170074F987 /* 数据库表 */,
				166D93E12068EC50001089C1 /* 数据进制转换 */,
				16EB92932061EB5500A97FC9 /* 下载任务 */,
				168A6E4020609A34003A80C0 /* 图片本地缓存 */,
				16A07888205B5DD800BCB51F /* 工具栏 */,
				16A07887205B5DC800BCB51F /* 导航栏 */,
				16800100205A1A7700B393B8 /* 图片浏览 */,
			);
			path = Utils;
			sourceTree = "<group>";
		};
		16800100205A1A7700B393B8 /* 图片浏览 */ = {
			isa = PBXGroup;
			children = (
				16800101205A1ABE00B393B8 /* XXImageBrowsing.h */,
				16800102205A1ABE00B393B8 /* XXImageBrowsing.m */,
			);
			path = "图片浏览";
			sourceTree = "<group>";
		};
		168A6E4020609A34003A80C0 /* 图片本地缓存 */ = {
			isa = PBXGroup;
			children = (
				168A6E412060B249003A80C0 /* XXDownloadPathManager.h */,
				168A6E422060B249003A80C0 /* XXDownloadPathManager.m */,
				168A6E442060D7C3003A80C0 /* XXImageDownloadCenter.h */,
				168A6E452060D7C3003A80C0 /* XXImageDownloadCenter.m */,
				16ED6545206B99F700E980F6 /* XXImageDownloadModel.h */,
				16ED6546206B99F700E980F6 /* XXImageDownloadModel.m */,
			);
			path = "图片本地缓存";
			sourceTree = "<group>";
		};
		16A07887205B5DC800BCB51F /* 导航栏 */ = {
			isa = PBXGroup;
			children = (
			);
			path = "导航栏";
			sourceTree = "<group>";
		};
		16A07888205B5DD800BCB51F /* 工具栏 */ = {
			isa = PBXGroup;
			children = (
			);
			path = "工具栏";
			sourceTree = "<group>";
		};
		16EB92932061EB5500A97FC9 /* 下载任务 */ = {
			isa = PBXGroup;
			children = (
				16EB92942061EB8000A97FC9 /* XXDownloadTaskObject.h */,
				16EB92952061EB8000A97FC9 /* XXDownloadTaskObject.m */,
				16EB92972061FE3E00A97FC9 /* XXDownLoadModel.h */,
				16EB92982061FE3E00A97FC9 /* XXDownLoadModel.m */,
				163C00482064914700E6BF79 /* XXVideoDownloadCenter.h */,
				163C00492064914700E6BF79 /* XXVideoDownloadCenter.m */,
				166D93DE2068C76F001089C1 /* XXVideoDownloadModel.h */,
				166D93DF2068C76F001089C1 /* XXVideoDownloadModel.m */,
			);
			path = "下载任务";
			sourceTree = "<group>";
		};
		2E8C9206202BE39400BC89C2 = {
			isa = PBXGroup;
			children = (
				2E8C9211202BE39400BC89C2 /* MVVMmode */,
				2E8C922A202BE39500BC89C2 /* MVVMmodeTests */,
				2E8C9235202BE39500BC89C2 /* MVVMmodeUITests */,
				2E8C9210202BE39400BC89C2 /* Products */,
				B1A7E7F3DEAFEC64A5992FED /* Pods */,
				BB79D6B311261197E857447A /* Frameworks */,
			);
			sourceTree = "<group>";
		};
		2E8C9210202BE39400BC89C2 /* Products */ = {
			isa = PBXGroup;
			children = (
				2E8C920F202BE39400BC89C2 /* MVVMmode.app */,
				2E8C9227202BE39500BC89C2 /* MVVMmodeTests.xctest */,
				2E8C9232202BE39500BC89C2 /* MVVMmodeUITests.xctest */,
			);
			name = Products;
			sourceTree = "<group>";
		};
		2E8C9211202BE39400BC89C2 /* MVVMmode */ = {
			isa = PBXGroup;
			children = (
				2E8C9244202BE5BC00BC89C2 /* Class */,
				2E8C9212202BE39400BC89C2 /* AppDelegate.h */,
				2E8C9213202BE39400BC89C2 /* AppDelegate.m */,
				2E8C9215202BE39500BC89C2 /* ViewController.h */,
				2E8C9216202BE39500BC89C2 /* ViewController.m */,
				2E8C921B202BE39500BC89C2 /* Assets.xcassets */,
				2E8C9220202BE39500BC89C2 /* Info.plist */,
				2E8C9221202BE39500BC89C2 /* main.m */,
			);
			path = MVVMmode;
			sourceTree = "<group>";
		};
		2E8C922A202BE39500BC89C2 /* MVVMmodeTests */ = {
			isa = PBXGroup;
			children = (
				2E8C922B202BE39500BC89C2 /* MVVMmodeTests.m */,
				2E8C922D202BE39500BC89C2 /* Info.plist */,
			);
			path = MVVMmodeTests;
			sourceTree = "<group>";
		};
		2E8C9235202BE39500BC89C2 /* MVVMmodeUITests */ = {
			isa = PBXGroup;
			children = (
				2E8C9236202BE39500BC89C2 /* MVVMmodeUITests.m */,
				2E8C9238202BE39500BC89C2 /* Info.plist */,
			);
			path = MVVMmodeUITests;
			sourceTree = "<group>";
		};
		2E8C9244202BE5BC00BC89C2 /* Class */ = {
			isa = PBXGroup;
			children = (
				168000FF205A1A6300B393B8 /* Utils */,
				167EFAB42057E2C300163215 /* Delegate */,
				2E8C924A202BFA7900BC89C2 /* Config */,
				2E8C9248202BE63D00BC89C2 /* Networking */,
				2E8C9246202BE5F500BC89C2 /* Model */,
				2E8C9247202BE60600BC89C2 /* ViewModel */,
				164349212052887000DDEE9C /* TableView */,
				1643492520528C8600DDEE9C /* TableViewCell */,
				2E8C9249202BE64B00BC89C2 /* View */,
				2E8C9245202BE5E700BC89C2 /* ViewConteller */,
			);
			path = Class;
			sourceTree = "<group>";
		};
		2E8C9245202BE5E700BC89C2 /* ViewConteller */ = {
			isa = PBXGroup;
			children = (
				2E8C924E202C223100BC89C2 /* XXMainVC.h */,
				2E8C924F202C223100BC89C2 /* XXMainVC.m */,
				1643491E205282D800DDEE9C /* XXLaiFuKushimaVC.h */,
				1643491F205282D800DDEE9C /* XXLaiFuKushimaVC.m */,
				167EFAAB2057DE3300163215 /* XXLaiFuKushimaShowImageVC.h */,
				167EFAAC2057DE3300163215 /* XXLaiFuKushimaShowImageVC.m */,
				163C004B2064D98500E6BF79 /* XXVideoDownloadVC.h */,
				163C004C2064D98500E6BF79 /* XXVideoDownloadVC.m */,
				163C004E2064DB7900E6BF79 /* XXDownloadListViewVC.h */,
				163C004F2064DB7900E6BF79 /* XXDownloadListViewVC.m */,
			);
			path = ViewConteller;
			sourceTree = "<group>";
		};
		2E8C9246202BE5F500BC89C2 /* Model */ = {
			isa = PBXGroup;
			children = (
				2E8C9251202C2BA000BC89C2 /* XXMainHeaderModel.h */,
				2E8C9252202C2BA000BC89C2 /* XXMainHeaderModel.m */,
				1643491B205271FC00DDEE9C /* XXLaiFukushimaFunnyPicture.h */,
				1643491C205271FC00DDEE9C /* XXLaiFukushimaFunnyPicture.m */,
			);
			path = Model;
			sourceTree = "<group>";
		};
		2E8C9247202BE60600BC89C2 /* ViewModel */ = {
			isa = PBXGroup;
			children = (
				2E8C9254202C2BBF00BC89C2 /* XXMainHeaderViewModel.h */,
				2E8C9255202C2BBF00BC89C2 /* XXMainHeaderViewModel.m */,
				167EFAA52057A5BE00163215 /* XXLaiFuKushimaTableViewModel.h */,
				167EFAA62057A5BE00163215 /* XXLaiFuKushimaTableViewModel.m */,
				167EFAB12057DFB700163215 /* XXLaiFuShowImageViewModel.h */,
				167EFAB22057DFB700163215 /* XXLaiFuShowImageViewModel.m */,
				16A07889205B8FF400BCB51F /* XXShowImageViewModel.h */,
				16A0788A205B8FF400BCB51F /* XXShowImageViewModel.m */,
			);
			path = ViewModel;
			sourceTree = "<group>";
		};
		2E8C9248202BE63D00BC89C2 /* Networking */ = {
			isa = PBXGroup;
			children = (
				2E321252202C62E000DC0BA5 /* XXBaseApiClient.h */,
				2E321251202C62E000DC0BA5 /* XXBaseApiClient.m */,
				2E32124E202C5A9700DC0BA5 /* XXApiClients.h */,
				2E32124F202C5A9700DC0BA5 /* XXApiClients.m */,
			);
			path = Networking;
			sourceTree = "<group>";
		};
		2E8C9249202BE64B00BC89C2 /* View */ = {
			isa = PBXGroup;
			children = (
				2E80AB2C20315F9D008494D2 /* XXMainHeaderView.h */,
				2E80AB2D20315F9D008494D2 /* XXMainHeaderView.m */,
				167EFAAE2057DED500163215 /* XXLaiFuShowImageView.h */,
				167EFAAF2057DED500163215 /* XXLaiFuShowImageView.m */,
			);
			path = View;
			sourceTree = "<group>";
		};
		2E8C924A202BFA7900BC89C2 /* Config */ = {
			isa = PBXGroup;
			children = (
				2E8C924C202BFE0800BC89C2 /* PrefixHeader.pch */,
				2E8C924D202C210A00BC89C2 /* XXConstant.h */,
				2E8C9257202C2E9700BC89C2 /* XXConstantNL.h */,
			);
			path = Config;
			sourceTree = "<group>";
		};
		B1A7E7F3DEAFEC64A5992FED /* Pods */ = {
			isa = PBXGroup;
			children = (
				76AA814AAB0A932518D5616F /* Pods-MVVMmode.debug.xcconfig */,
				0AF2856087C0F2F2261D54E3 /* Pods-MVVMmode.release.xcconfig */,
			);
			name = Pods;
			sourceTree = "<group>";
		};
		BB79D6B311261197E857447A /* Frameworks */ = {
			isa = PBXGroup;
			children = (
				F1F172CDCC5B6B1DED4DAE40 /* Pods_MVVMmode.framework */,
			);
			name = Frameworks;
			sourceTree = "<group>";
		};
/* End PBXGroup section */

/* Begin PBXNativeTarget section */
		2E8C920E202BE39400BC89C2 /* MVVMmode */ = {
			isa = PBXNativeTarget;
			buildConfigurationList = 2E8C923B202BE39500BC89C2 /* Build configuration list for PBXNativeTarget "MVVMmode" */;
			buildPhases = (
				47478230AD878B43600AA31D /* [CP] Check Pods Manifest.lock */,
				2E8C920B202BE39400BC89C2 /* Sources */,
				2E8C920C202BE39400BC89C2 /* Frameworks */,
				2E8C920D202BE39400BC89C2 /* Resources */,
				5B3A4D0E71A63543A943D495 /* [CP] Embed Pods Frameworks */,
				E8CCAA6D5AE84175C68675CC /* [CP] Copy Pods Resources */,
			);
			buildRules = (
			);
			dependencies = (
			);
			name = MVVMmode;
			productName = MVVMmode;
			productReference = 2E8C920F202BE39400BC89C2 /* MVVMmode.app */;
			productType = "com.apple.product-type.application";
		};
		2E8C9226202BE39500BC89C2 /* MVVMmodeTests */ = {
			isa = PBXNativeTarget;
			buildConfigurationList = 2E8C923E202BE39500BC89C2 /* Build configuration list for PBXNativeTarget "MVVMmodeTests" */;
			buildPhases = (
				2E8C9223202BE39500BC89C2 /* Sources */,
				2E8C9224202BE39500BC89C2 /* Frameworks */,
				2E8C9225202BE39500BC89C2 /* Resources */,
			);
			buildRules = (
			);
			dependencies = (
				2E8C9229202BE39500BC89C2 /* PBXTargetDependency */,
			);
			name = MVVMmodeTests;
			productName = MVVMmodeTests;
			productReference = 2E8C9227202BE39500BC89C2 /* MVVMmodeTests.xctest */;
			productType = "com.apple.product-type.bundle.unit-test";
		};
		2E8C9231202BE39500BC89C2 /* MVVMmodeUITests */ = {
			isa = PBXNativeTarget;
			buildConfigurationList = 2E8C9241202BE39500BC89C2 /* Build configuration list for PBXNativeTarget "MVVMmodeUITests" */;
			buildPhases = (
				2E8C922E202BE39500BC89C2 /* Sources */,
				2E8C922F202BE39500BC89C2 /* Frameworks */,
				2E8C9230202BE39500BC89C2 /* Resources */,
			);
			buildRules = (
			);
			dependencies = (
				2E8C9234202BE39500BC89C2 /* PBXTargetDependency */,
			);
			name = MVVMmodeUITests;
			productName = MVVMmodeUITests;
			productReference = 2E8C9232202BE39500BC89C2 /* MVVMmodeUITests.xctest */;
			productType = "com.apple.product-type.bundle.ui-testing";
		};
/* End PBXNativeTarget section */

/* Begin PBXProject section */
		2E8C9207202BE39400BC89C2 /* Project object */ = {
			isa = PBXProject;
			attributes = {
				LastUpgradeCheck = 0920;
				ORGANIZATIONNAME = cn.xia;
				TargetAttributes = {
					2E8C920E202BE39400BC89C2 = {
						CreatedOnToolsVersion = 9.2;
						ProvisioningStyle = Automatic;
					};
					2E8C9226202BE39500BC89C2 = {
						CreatedOnToolsVersion = 9.2;
						ProvisioningStyle = Automatic;
						TestTargetID = 2E8C920E202BE39400BC89C2;
					};
					2E8C9231202BE39500BC89C2 = {
						CreatedOnToolsVersion = 9.2;
						ProvisioningStyle = Automatic;
						TestTargetID = 2E8C920E202BE39400BC89C2;
					};
				};
			};
			buildConfigurationList = 2E8C920A202BE39400BC89C2 /* Build configuration list for PBXProject "MVVMmode" */;
			compatibilityVersion = "Xcode 8.0";
			developmentRegion = en;
			hasScannedForEncodings = 0;
			knownRegions = (
				en,
				Base,
			);
			mainGroup = 2E8C9206202BE39400BC89C2;
			productRefGroup = 2E8C9210202BE39400BC89C2 /* Products */;
			projectDirPath = "";
			projectRoot = "";
			targets = (
				2E8C920E202BE39400BC89C2 /* MVVMmode */,
				2E8C9226202BE39500BC89C2 /* MVVMmodeTests */,
				2E8C9231202BE39500BC89C2 /* MVVMmodeUITests */,
			);
		};
/* End PBXProject section */

/* Begin PBXResourcesBuildPhase section */
		2E8C920D202BE39400BC89C2 /* Resources */ = {
			isa = PBXResourcesBuildPhase;
			buildActionMask = 2147483647;
			files = (
				2E8C921C202BE39500BC89C2 /* Assets.xcassets in Resources */,
			);
			runOnlyForDeploymentPostprocessing = 0;
		};
		2E8C9225202BE39500BC89C2 /* Resources */ = {
			isa = PBXResourcesBuildPhase;
			buildActionMask = 2147483647;
			files = (
			);
			runOnlyForDeploymentPostprocessing = 0;
		};
		2E8C9230202BE39500BC89C2 /* Resources */ = {
			isa = PBXResourcesBuildPhase;
			buildActionMask = 2147483647;
			files = (
			);
			runOnlyForDeploymentPostprocessing = 0;
		};
/* End PBXResourcesBuildPhase section */

/* Begin PBXShellScriptBuildPhase section */
		47478230AD878B43600AA31D /* [CP] Check Pods Manifest.lock */ = {
			isa = PBXShellScriptBuildPhase;
			buildActionMask = 2147483647;
			files = (
			);
			inputPaths = (
				"${PODS_PODFILE_DIR_PATH}/Podfile.lock",
				"${PODS_ROOT}/Manifest.lock",
			);
			name = "[CP] Check Pods Manifest.lock";
			outputPaths = (
				"$(DERIVED_FILE_DIR)/Pods-MVVMmode-checkManifestLockResult.txt",
			);
			runOnlyForDeploymentPostprocessing = 0;
			shellPath = /bin/sh;
			shellScript = "diff \"${PODS_PODFILE_DIR_PATH}/Podfile.lock\" \"${PODS_ROOT}/Manifest.lock\" > /dev/null\nif [ $? != 0 ] ; then\n    # print error to STDERR\n    echo \"error: The sandbox is not in sync with the Podfile.lock. Run 'pod install' or update your CocoaPods installation.\" >&2\n    exit 1\nfi\n# This output is used by Xcode 'outputs' to avoid re-running this script phase.\necho \"SUCCESS\" > \"${SCRIPT_OUTPUT_FILE_0}\"\n";
			showEnvVarsInLog = 0;
		};
		5B3A4D0E71A63543A943D495 /* [CP] Embed Pods Frameworks */ = {
			isa = PBXShellScriptBuildPhase;
			buildActionMask = 2147483647;
			files = (
			);
			inputPaths = (
				"${SRCROOT}/Pods/Target Support Files/Pods-MVVMmode/Pods-MVVMmode-frameworks.sh",
				"${BUILT_PRODUCTS_DIR}/AFNetworking/AFNetworking.framework",
				"${BUILT_PRODUCTS_DIR}/MJExtension/MJExtension.framework",
				"${BUILT_PRODUCTS_DIR}/Masonry/Masonry.framework",
				"${BUILT_PRODUCTS_DIR}/SDWebImage/SDWebImage.framework",
			);
			name = "[CP] Embed Pods Frameworks";
			outputPaths = (
				"${TARGET_BUILD_DIR}/${FRAMEWORKS_FOLDER_PATH}/AFNetworking.framework",
				"${TARGET_BUILD_DIR}/${FRAMEWORKS_FOLDER_PATH}/MJExtension.framework",
				"${TARGET_BUILD_DIR}/${FRAMEWORKS_FOLDER_PATH}/Masonry.framework",
				"${TARGET_BUILD_DIR}/${FRAMEWORKS_FOLDER_PATH}/SDWebImage.framework",
			);
			runOnlyForDeploymentPostprocessing = 0;
			shellPath = /bin/sh;
			shellScript = "\"${SRCROOT}/Pods/Target Support Files/Pods-MVVMmode/Pods-MVVMmode-frameworks.sh\"\n";
			showEnvVarsInLog = 0;
		};
		E8CCAA6D5AE84175C68675CC /* [CP] Copy Pods Resources */ = {
			isa = PBXShellScriptBuildPhase;
			buildActionMask = 2147483647;
			files = (
			);
			inputPaths = (
			);
			name = "[CP] Copy Pods Resources";
			outputPaths = (
			);
			runOnlyForDeploymentPostprocessing = 0;
			shellPath = /bin/sh;
			shellScript = "\"${SRCROOT}/Pods/Target Support Files/Pods-MVVMmode/Pods-MVVMmode-resources.sh\"\n";
			showEnvVarsInLog = 0;
		};
/* End PBXShellScriptBuildPhase section */

/* Begin PBXSourcesBuildPhase section */
		2E8C920B202BE39400BC89C2 /* Sources */ = {
			isa = PBXSourcesBuildPhase;
			buildActionMask = 2147483647;
			files = (
				168A6E432060B249003A80C0 /* XXDownloadPathManager.m in Sources */,
				2E321253202C62E000DC0BA5 /* XXBaseApiClient.m in Sources */,
				163C004A2064914700E6BF79 /* XXVideoDownloadCenter.m in Sources */,
				16EB92962061EB8000A97FC9 /* XXDownloadTaskObject.m in Sources */,
				167EFAB02057DED500163215 /* XXLaiFuShowImageView.m in Sources */,
				2E8C9217202BE39500BC89C2 /* ViewController.m in Sources */,
				16434920205282D800DDEE9C /* XXLaiFuKushimaVC.m in Sources */,
				16434924205288BC00DDEE9C /* XXLaiFuKushimaTC.m in Sources */,
				168A6E462060D7C3003A80C0 /* XXImageDownloadCenter.m in Sources */,
				16A0788B205B8FF400BCB51F /* XXShowImageViewModel.m in Sources */,
				167EFAA72057A5BE00163215 /* XXLaiFuKushimaTableViewModel.m in Sources */,
				16800103205A1ABE00B393B8 /* XXImageBrowsing.m in Sources */,
				166D93E42068EC8B001089C1 /* XXDataConversionUtil.m in Sources */,
				16ED6547206B99F700E980F6 /* XXImageDownloadModel.m in Sources */,
				2E8C9222202BE39500BC89C2 /* main.m in Sources */,
				167EFAB32057DFB700163215 /* XXLaiFuShowImageViewModel.m in Sources */,
				163C004D2064D98500E6BF79 /* XXVideoDownloadVC.m in Sources */,
				167EFAAD2057DE3300163215 /* XXLaiFuKushimaShowImageVC.m in Sources */,
				2E8C9214202BE39400BC89C2 /* AppDelegate.m in Sources */,
				163C00502064DB7900E6BF79 /* XXDownloadListViewVC.m in Sources */,
				1643491D205271FC00DDEE9C /* XXLaiFukushimaFunnyPicture.m in Sources */,
				2E8C9253202C2BA000BC89C2 /* XXMainHeaderModel.m in Sources */,
				16EB92992061FE3E00A97FC9 /* XXDownLoadModel.m in Sources */,
				2E321250202C5A9700DC0BA5 /* XXApiClients.m in Sources */,
				2E80AB2E20315F9D008494D2 /* XXMainHeaderView.m in Sources */,
				166D93E02068C76F001089C1 /* XXVideoDownloadModel.m in Sources */,
				2E8C9256202C2BBF00BC89C2 /* XXMainHeaderViewModel.m in Sources */,
				2E8C9250202C223100BC89C2 /* XXMainVC.m in Sources */,
			);
			runOnlyForDeploymentPostprocessing = 0;
		};
		2E8C9223202BE39500BC89C2 /* Sources */ = {
			isa = PBXSourcesBuildPhase;
			buildActionMask = 2147483647;
			files = (
				2E8C922C202BE39500BC89C2 /* MVVMmodeTests.m in Sources */,
			);
			runOnlyForDeploymentPostprocessing = 0;
		};
		2E8C922E202BE39500BC89C2 /* Sources */ = {
			isa = PBXSourcesBuildPhase;
			buildActionMask = 2147483647;
			files = (
				2E8C9237202BE39500BC89C2 /* MVVMmodeUITests.m in Sources */,
			);
			runOnlyForDeploymentPostprocessing = 0;
		};
/* End PBXSourcesBuildPhase section */

/* Begin PBXTargetDependency section */
		2E8C9229202BE39500BC89C2 /* PBXTargetDependency */ = {
			isa = PBXTargetDependency;
			target = 2E8C920E202BE39400BC89C2 /* MVVMmode */;
			targetProxy = 2E8C9228202BE39500BC89C2 /* PBXContainerItemProxy */;
		};
		2E8C9234202BE39500BC89C2 /* PBXTargetDependency */ = {
			isa = PBXTargetDependency;
			target = 2E8C920E202BE39400BC89C2 /* MVVMmode */;
			targetProxy = 2E8C9233202BE39500BC89C2 /* PBXContainerItemProxy */;
		};
/* End PBXTargetDependency section */

/* Begin XCBuildConfiguration section */
		2E8C9239202BE39500BC89C2 /* Debug */ = {
			isa = XCBuildConfiguration;
			buildSettings = {
				ALWAYS_SEARCH_USER_PATHS = NO;
				CLANG_ANALYZER_NONNULL = YES;
				CLANG_ANALYZER_NUMBER_OBJECT_CONVERSION = YES_AGGRESSIVE;
				CLANG_CXX_LANGUAGE_STANDARD = "gnu++14";
				CLANG_CXX_LIBRARY = "libc++";
				CLANG_ENABLE_MODULES = YES;
				CLANG_ENABLE_OBJC_ARC = YES;
				CLANG_WARN_BLOCK_CAPTURE_AUTORELEASING = YES;
				CLANG_WARN_BOOL_CONVERSION = YES;
				CLANG_WARN_COMMA = YES;
				CLANG_WARN_CONSTANT_CONVERSION = YES;
				CLANG_WARN_DIRECT_OBJC_ISA_USAGE = YES_ERROR;
				CLANG_WARN_DOCUMENTATION_COMMENTS = YES;
				CLANG_WARN_EMPTY_BODY = YES;
				CLANG_WARN_ENUM_CONVERSION = YES;
				CLANG_WARN_INFINITE_RECURSION = YES;
				CLANG_WARN_INT_CONVERSION = YES;
				CLANG_WARN_NON_LITERAL_NULL_CONVERSION = YES;
				CLANG_WARN_OBJC_LITERAL_CONVERSION = YES;
				CLANG_WARN_OBJC_ROOT_CLASS = YES_ERROR;
				CLANG_WARN_RANGE_LOOP_ANALYSIS = YES;
				CLANG_WARN_STRICT_PROTOTYPES = YES;
				CLANG_WARN_SUSPICIOUS_MOVE = YES;
				CLANG_WARN_UNGUARDED_AVAILABILITY = YES_AGGRESSIVE;
				CLANG_WARN_UNREACHABLE_CODE = YES;
				CLANG_WARN__DUPLICATE_METHOD_MATCH = YES;
				CODE_SIGN_IDENTITY = "iPhone Developer";
				COPY_PHASE_STRIP = NO;
				DEBUG_INFORMATION_FORMAT = dwarf;
				ENABLE_STRICT_OBJC_MSGSEND = YES;
				ENABLE_TESTABILITY = YES;
				GCC_C_LANGUAGE_STANDARD = gnu11;
				GCC_DYNAMIC_NO_PIC = NO;
				GCC_NO_COMMON_BLOCKS = YES;
				GCC_OPTIMIZATION_LEVEL = 0;
				GCC_PREPROCESSOR_DEFINITIONS = (
					"DEBUG=1",
					"$(inherited)",
				);
				GCC_WARN_64_TO_32_BIT_CONVERSION = YES;
				GCC_WARN_ABOUT_RETURN_TYPE = YES_ERROR;
				GCC_WARN_UNDECLARED_SELECTOR = YES;
				GCC_WARN_UNINITIALIZED_AUTOS = YES_AGGRESSIVE;
				GCC_WARN_UNUSED_FUNCTION = YES;
				GCC_WARN_UNUSED_VARIABLE = YES;
				IPHONEOS_DEPLOYMENT_TARGET = 11.2;
				MTL_ENABLE_DEBUG_INFO = YES;
				ONLY_ACTIVE_ARCH = YES;
				SDKROOT = iphoneos;
			};
			name = Debug;
		};
		2E8C923A202BE39500BC89C2 /* Release */ = {
			isa = XCBuildConfiguration;
			buildSettings = {
				ALWAYS_SEARCH_USER_PATHS = NO;
				CLANG_ANALYZER_NONNULL = YES;
				CLANG_ANALYZER_NUMBER_OBJECT_CONVERSION = YES_AGGRESSIVE;
				CLANG_CXX_LANGUAGE_STANDARD = "gnu++14";
				CLANG_CXX_LIBRARY = "libc++";
				CLANG_ENABLE_MODULES = YES;
				CLANG_ENABLE_OBJC_ARC = YES;
				CLANG_WARN_BLOCK_CAPTURE_AUTORELEASING = YES;
				CLANG_WARN_BOOL_CONVERSION = YES;
				CLANG_WARN_COMMA = YES;
				CLANG_WARN_CONSTANT_CONVERSION = YES;
				CLANG_WARN_DIRECT_OBJC_ISA_USAGE = YES_ERROR;
				CLANG_WARN_DOCUMENTATION_COMMENTS = YES;
				CLANG_WARN_EMPTY_BODY = YES;
				CLANG_WARN_ENUM_CONVERSION = YES;
				CLANG_WARN_INFINITE_RECURSION = YES;
				CLANG_WARN_INT_CONVERSION = YES;
				CLANG_WARN_NON_LITERAL_NULL_CONVERSION = YES;
				CLANG_WARN_OBJC_LITERAL_CONVERSION = YES;
				CLANG_WARN_OBJC_ROOT_CLASS = YES_ERROR;
				CLANG_WARN_RANGE_LOOP_ANALYSIS = YES;
				CLANG_WARN_STRICT_PROTOTYPES = YES;
				CLANG_WARN_SUSPICIOUS_MOVE = YES;
				CLANG_WARN_UNGUARDED_AVAILABILITY = YES_AGGRESSIVE;
				CLANG_WARN_UNREACHABLE_CODE = YES;
				CLANG_WARN__DUPLICATE_METHOD_MATCH = YES;
				CODE_SIGN_IDENTITY = "iPhone Developer";
				COPY_PHASE_STRIP = NO;
				DEBUG_INFORMATION_FORMAT = "dwarf-with-dsym";
				ENABLE_NS_ASSERTIONS = NO;
				ENABLE_STRICT_OBJC_MSGSEND = YES;
				GCC_C_LANGUAGE_STANDARD = gnu11;
				GCC_NO_COMMON_BLOCKS = YES;
				GCC_WARN_64_TO_32_BIT_CONVERSION = YES;
				GCC_WARN_ABOUT_RETURN_TYPE = YES_ERROR;
				GCC_WARN_UNDECLARED_SELECTOR = YES;
				GCC_WARN_UNINITIALIZED_AUTOS = YES_AGGRESSIVE;
				GCC_WARN_UNUSED_FUNCTION = YES;
				GCC_WARN_UNUSED_VARIABLE = YES;
				IPHONEOS_DEPLOYMENT_TARGET = 11.2;
				MTL_ENABLE_DEBUG_INFO = NO;
				SDKROOT = iphoneos;
				VALIDATE_PRODUCT = YES;
			};
			name = Release;
		};
		2E8C923C202BE39500BC89C2 /* Debug */ = {
			isa = XCBuildConfiguration;
			baseConfigurationReference = 76AA814AAB0A932518D5616F /* Pods-MVVMmode.debug.xcconfig */;
			buildSettings = {
				ALWAYS_EMBED_SWIFT_STANDARD_LIBRARIES = NO;
				ASSETCATALOG_COMPILER_APPICON_NAME = AppIcon;
				ASSETCATALOG_COMPILER_LAUNCHIMAGE_NAME = LaunchImage;
				CODE_SIGN_STYLE = Automatic;
				DEVELOPMENT_TEAM = 554YVK2M7G;
				FRAMEWORK_SEARCH_PATHS = (
					"$(inherited)",
					"$(PROJECT_DIR)/MVVMmode/Class/Config",
				);
				GCC_PRECOMPILE_PREFIX_HEADER = NO;
				GCC_PREFIX_HEADER = "$(SRCROOT)//MVVMmode/Class/Config/PrefixHeader.pch";
				INFOPLIST_FILE = MVVMmode/Info.plist;
				IPHONEOS_DEPLOYMENT_TARGET = 8.0;
				LD_RUNPATH_SEARCH_PATHS = "$(inherited) @executable_path/Frameworks";
				PRODUCT_BUNDLE_IDENTIFIER = cn.xia.MVVMmode;
				PRODUCT_NAME = "$(TARGET_NAME)";
				TARGETED_DEVICE_FAMILY = "1,2";
			};
			name = Debug;
		};
		2E8C923D202BE39500BC89C2 /* Release */ = {
			isa = XCBuildConfiguration;
			baseConfigurationReference = 0AF2856087C0F2F2261D54E3 /* Pods-MVVMmode.release.xcconfig */;
			buildSettings = {
				ALWAYS_EMBED_SWIFT_STANDARD_LIBRARIES = NO;
				ASSETCATALOG_COMPILER_APPICON_NAME = AppIcon;
				ASSETCATALOG_COMPILER_LAUNCHIMAGE_NAME = LaunchImage;
				CODE_SIGN_STYLE = Automatic;
				DEVELOPMENT_TEAM = 554YVK2M7G;
				FRAMEWORK_SEARCH_PATHS = (
					"$(inherited)",
					"$(PROJECT_DIR)/MVVMmode/Class/Config",
				);
				GCC_PRECOMPILE_PREFIX_HEADER = NO;
				GCC_PREFIX_HEADER = "$(SRCROOT)//MVVMmode/Class/Config/PrefixHeader.pch";
				INFOPLIST_FILE = MVVMmode/Info.plist;
				IPHONEOS_DEPLOYMENT_TARGET = 8.0;
				LD_RUNPATH_SEARCH_PATHS = "$(inherited) @executable_path/Frameworks";
				PRODUCT_BUNDLE_IDENTIFIER = cn.xia.MVVMmode;
				PRODUCT_NAME = "$(TARGET_NAME)";
				TARGETED_DEVICE_FAMILY = "1,2";
			};
			name = Release;
		};
		2E8C923F202BE39500BC89C2 /* Debug */ = {
			isa = XCBuildConfiguration;
			buildSettings = {
				BUNDLE_LOADER = "$(TEST_HOST)";
				CODE_SIGN_STYLE = Automatic;
				DEVELOPMENT_TEAM = 554YVK2M7G;
				INFOPLIST_FILE = MVVMmodeTests/Info.plist;
				LD_RUNPATH_SEARCH_PATHS = "$(inherited) @executable_path/Frameworks @loader_path/Frameworks";
				PRODUCT_BUNDLE_IDENTIFIER = cn.xia.MVVMmodeTests;
				PRODUCT_NAME = "$(TARGET_NAME)";
				TARGETED_DEVICE_FAMILY = "1,2";
				TEST_HOST = "$(BUILT_PRODUCTS_DIR)/MVVMmode.app/MVVMmode";
			};
			name = Debug;
		};
		2E8C9240202BE39500BC89C2 /* Release */ = {
			isa = XCBuildConfiguration;
			buildSettings = {
				BUNDLE_LOADER = "$(TEST_HOST)";
				CODE_SIGN_STYLE = Automatic;
				DEVELOPMENT_TEAM = 554YVK2M7G;
				INFOPLIST_FILE = MVVMmodeTests/Info.plist;
				LD_RUNPATH_SEARCH_PATHS = "$(inherited) @executable_path/Frameworks @loader_path/Frameworks";
				PRODUCT_BUNDLE_IDENTIFIER = cn.xia.MVVMmodeTests;
				PRODUCT_NAME = "$(TARGET_NAME)";
				TARGETED_DEVICE_FAMILY = "1,2";
				TEST_HOST = "$(BUILT_PRODUCTS_DIR)/MVVMmode.app/MVVMmode";
			};
			name = Release;
		};
		2E8C9242202BE39500BC89C2 /* Debug */ = {
			isa = XCBuildConfiguration;
			buildSettings = {
				CODE_SIGN_STYLE = Automatic;
				DEVELOPMENT_TEAM = 554YVK2M7G;
				INFOPLIST_FILE = MVVMmodeUITests/Info.plist;
				LD_RUNPATH_SEARCH_PATHS = "$(inherited) @executable_path/Frameworks @loader_path/Frameworks";
				PRODUCT_BUNDLE_IDENTIFIER = cn.xia.MVVMmodeUITests;
				PRODUCT_NAME = "$(TARGET_NAME)";
				TARGETED_DEVICE_FAMILY = "1,2";
				TEST_TARGET_NAME = MVVMmode;
			};
			name = Debug;
		};
		2E8C9243202BE39500BC89C2 /* Release */ = {
			isa = XCBuildConfiguration;
			buildSettings = {
				CODE_SIGN_STYLE = Automatic;
				DEVELOPMENT_TEAM = 554YVK2M7G;
				INFOPLIST_FILE = MVVMmodeUITests/Info.plist;
				LD_RUNPATH_SEARCH_PATHS = "$(inherited) @executable_path/Frameworks @loader_path/Frameworks";
				PRODUCT_BUNDLE_IDENTIFIER = cn.xia.MVVMmodeUITests;
				PRODUCT_NAME = "$(TARGET_NAME)";
				TARGETED_DEVICE_FAMILY = "1,2";
				TEST_TARGET_NAME = MVVMmode;
			};
			name = Release;
		};
/* End XCBuildConfiguration section */

/* Begin XCConfigurationList section */
		2E8C920A202BE39400BC89C2 /* Build configuration list for PBXProject "MVVMmode" */ = {
			isa = XCConfigurationList;
			buildConfigurations = (
				2E8C9239202BE39500BC89C2 /* Debug */,
				2E8C923A202BE39500BC89C2 /* Release */,
			);
			defaultConfigurationIsVisible = 0;
			defaultConfigurationName = Release;
		};
		2E8C923B202BE39500BC89C2 /* Build configuration list for PBXNativeTarget "MVVMmode" */ = {
			isa = XCConfigurationList;
			buildConfigurations = (
				2E8C923C202BE39500BC89C2 /* Debug */,
				2E8C923D202BE39500BC89C2 /* Release */,
			);
			defaultConfigurationIsVisible = 0;
			defaultConfigurationName = Release;
		};
		2E8C923E202BE39500BC89C2 /* Build configuration list for PBXNativeTarget "MVVMmodeTests" */ = {
			isa = XCConfigurationList;
			buildConfigurations = (
				2E8C923F202BE39500BC89C2 /* Debug */,
				2E8C9240202BE39500BC89C2 /* Release */,
			);
			defaultConfigurationIsVisible = 0;
			defaultConfigurationName = Release;
		};
		2E8C9241202BE39500BC89C2 /* Build configuration list for PBXNativeTarget "MVVMmodeUITests" */ = {
			isa = XCConfigurationList;
			buildConfigurations = (
				2E8C9242202BE39500BC89C2 /* Debug */,
				2E8C9243202BE39500BC89C2 /* Release */,
			);
			defaultConfigurationIsVisible = 0;
			defaultConfigurationName = Release;
		};
/* End XCConfigurationList section */
	};
	rootObject = 2E8C9207202BE39400BC89C2 /* Project object */;
}
